// !$*UTF8*$!
{
	archiveVersion = 1;
	classes = {
	};
	objectVersion = 56;
	objects = {

/* Begin PBXBuildFile section */
		403D6BEC29EF76A6000D9915 /* Kingfisher in Frameworks */ = {isa = PBXBuildFile; productRef = 403D6BEB29EF76A6000D9915 /* Kingfisher */; };
		403D6BEF29EF7806000D9915 /* DataBaseService.swift in Sources */ = {isa = PBXBuildFile; fileRef = 403D6BEE29EF7806000D9915 /* DataBaseService.swift */; };
		403D6BF229EF7B22000D9915 /* UIColor+Extensions.swift in Sources */ = {isa = PBXBuildFile; fileRef = 403D6BF129EF7B22000D9915 /* UIColor+Extensions.swift */; };
		403D6BF429EF7DA6000D9915 /* AuthenticationSession.swift in Sources */ = {isa = PBXBuildFile; fileRef = 403D6BF329EF7DA6000D9915 /* AuthenticationSession.swift */; };
		403D6BF929F07F34000D9915 /* UIAlert+Extensions.swift in Sources */ = {isa = PBXBuildFile; fileRef = 403D6BF829F07F34000D9915 /* UIAlert+Extensions.swift */; };
		4069C9CB29FC5A6500D412F2 /* CameraController.swift in Sources */ = {isa = PBXBuildFile; fileRef = 4069C9CA29FC5A6500D412F2 /* CameraController.swift */; };
		4086DCB729F093EE00F2FFC5 /* Mantis in Frameworks */ = {isa = PBXBuildFile; productRef = 4086DCB629F093EE00F2FFC5 /* Mantis */; };
		4086DCB929F0B69500F2FFC5 /* StorageService.swift in Sources */ = {isa = PBXBuildFile; fileRef = 4086DCB829F0B69500F2FFC5 /* StorageService.swift */; };
		4086DCBC29F0B7A600F2FFC5 /* FirebaseAuth in Frameworks */ = {isa = PBXBuildFile; productRef = 4086DCBB29F0B7A600F2FFC5 /* FirebaseAuth */; };
		4086DCBE29F0B7A600F2FFC5 /* FirebaseDatabase in Frameworks */ = {isa = PBXBuildFile; productRef = 4086DCBD29F0B7A600F2FFC5 /* FirebaseDatabase */; };
		4086DCC029F0B7A600F2FFC5 /* FirebaseFirestore in Frameworks */ = {isa = PBXBuildFile; productRef = 4086DCBF29F0B7A600F2FFC5 /* FirebaseFirestore */; };
		4086DCC229F0B7A600F2FFC5 /* FirebaseStorage in Frameworks */ = {isa = PBXBuildFile; productRef = 4086DCC129F0B7A600F2FFC5 /* FirebaseStorage */; };
		4086DCC429F0BA8100F2FFC5 /* UIImage+Extensions.swift in Sources */ = {isa = PBXBuildFile; fileRef = 4086DCC329F0BA8100F2FFC5 /* UIImage+Extensions.swift */; };
		4086DCC629F1BB8300F2FFC5 /* MainTabBarController.swift in Sources */ = {isa = PBXBuildFile; fileRef = 4086DCC529F1BB8300F2FFC5 /* MainTabBarController.swift */; };
		4086DCC829F1BC2F00F2FFC5 /* CurrentUserProfileController.swift in Sources */ = {isa = PBXBuildFile; fileRef = 4086DCC729F1BC2F00F2FFC5 /* CurrentUserProfileController.swift */; };
		4086DCCA29F1C45A00F2FFC5 /* UserProfileView.swift in Sources */ = {isa = PBXBuildFile; fileRef = 4086DCC929F1C45A00F2FFC5 /* UserProfileView.swift */; };
		4086DCCC29F1C86A00F2FFC5 /* UserProfileHeader.swift in Sources */ = {isa = PBXBuildFile; fileRef = 4086DCCB29F1C86A00F2FFC5 /* UserProfileHeader.swift */; };
		4086DCCF29F1CEEE00F2FFC5 /* User.swift in Sources */ = {isa = PBXBuildFile; fileRef = 4086DCCE29F1CEEE00F2FFC5 /* User.swift */; };
		4086DCD129F2029500F2FFC5 /* LoginController.swift in Sources */ = {isa = PBXBuildFile; fileRef = 4086DCD029F2029500F2FFC5 /* LoginController.swift */; };
		4086DCD329F202A500F2FFC5 /* LoginView.swift in Sources */ = {isa = PBXBuildFile; fileRef = 4086DCD229F202A500F2FFC5 /* LoginView.swift */; };
		4086DCD529F2034800F2FFC5 /* UIViewController+Navigation.swift in Sources */ = {isa = PBXBuildFile; fileRef = 4086DCD429F2034800F2FFC5 /* UIViewController+Navigation.swift */; };
		4086DCD729F2110D00F2FFC5 /* HomeFeedController.swift in Sources */ = {isa = PBXBuildFile; fileRef = 4086DCD629F2110D00F2FFC5 /* HomeFeedController.swift */; };
		408FE0E629F5FA2A00E8EEE8 /* HomeFeedView.swift in Sources */ = {isa = PBXBuildFile; fileRef = 408FE0E529F5FA2A00E8EEE8 /* HomeFeedView.swift */; };
		408FE0E829F5FAA600E8EEE8 /* SearchController.swift in Sources */ = {isa = PBXBuildFile; fileRef = 408FE0E729F5FAA600E8EEE8 /* SearchController.swift */; };
		408FE0EA29F5FAB400E8EEE8 /* SearchView.swift in Sources */ = {isa = PBXBuildFile; fileRef = 408FE0E929F5FAB400E8EEE8 /* SearchView.swift */; };
		408FE0EE29F5FC8500E8EEE8 /* FavoritesController.swift in Sources */ = {isa = PBXBuildFile; fileRef = 408FE0ED29F5FC8500E8EEE8 /* FavoritesController.swift */; };
		408FE0F029F5FC9E00E8EEE8 /* LikeView.swift in Sources */ = {isa = PBXBuildFile; fileRef = 408FE0EF29F5FC9E00E8EEE8 /* LikeView.swift */; };
		408FE0F229F6013800E8EEE8 /* PhotoSelectorController.swift in Sources */ = {isa = PBXBuildFile; fileRef = 408FE0F129F6013800E8EEE8 /* PhotoSelectorController.swift */; };
		408FE0F429F623E200E8EEE8 /* PhotoSelectorCell.swift in Sources */ = {isa = PBXBuildFile; fileRef = 408FE0F329F623E200E8EEE8 /* PhotoSelectorCell.swift */; };
		408FE0F629F6D33500E8EEE8 /* PhotoSelectorHeader.swift in Sources */ = {isa = PBXBuildFile; fileRef = 408FE0F529F6D33500E8EEE8 /* PhotoSelectorHeader.swift */; };
		408FE0F829F6DD4800E8EEE8 /* CaptionController.swift in Sources */ = {isa = PBXBuildFile; fileRef = 408FE0F729F6DD4800E8EEE8 /* CaptionController.swift */; };
		408FE0FA29F6E46000E8EEE8 /* CaptionView.swift in Sources */ = {isa = PBXBuildFile; fileRef = 408FE0F929F6E46000E8EEE8 /* CaptionView.swift */; };
		408FE0FC29F6F8EB00E8EEE8 /* Post.swift in Sources */ = {isa = PBXBuildFile; fileRef = 408FE0FB29F6F8EB00E8EEE8 /* Post.swift */; };
		408FE0FE29F6FE1700E8EEE8 /* ProfilePostCell.swift in Sources */ = {isa = PBXBuildFile; fileRef = 408FE0FD29F6FE1700E8EEE8 /* ProfilePostCell.swift */; };
		40A4FC1E29F739DC004702E0 /* HomeFeedCell.swift in Sources */ = {isa = PBXBuildFile; fileRef = 40A4FC1D29F739DC004702E0 /* HomeFeedCell.swift */; };
		40A7C92A29F86B1F001F44E8 /* Date.swift in Sources */ = {isa = PBXBuildFile; fileRef = 40A7C92929F86B1F001F44E8 /* Date.swift */; };
		40A7C92C29F8B75E001F44E8 /* SearchUserCell.swift in Sources */ = {isa = PBXBuildFile; fileRef = 40A7C92B29F8B75E001F44E8 /* SearchUserCell.swift */; };
		40A7C92E29F9B62C001F44E8 /* SearchedUserProfileController.swift in Sources */ = {isa = PBXBuildFile; fileRef = 40A7C92D29F9B62C001F44E8 /* SearchedUserProfileController.swift */; };
		40A7C93029F9B6A6001F44E8 /* SearchedUserView.swift in Sources */ = {isa = PBXBuildFile; fileRef = 40A7C92F29F9B6A6001F44E8 /* SearchedUserView.swift */; };
		40A7C93629F9B85E001F44E8 /* SearchedUserProfileHeader.swift in Sources */ = {isa = PBXBuildFile; fileRef = 40A7C93529F9B85E001F44E8 /* SearchedUserProfileHeader.swift */; };
		40A7C93929F9B8E5001F44E8 /* PostCell.swift in Sources */ = {isa = PBXBuildFile; fileRef = 40A7C93829F9B8E5001F44E8 /* PostCell.swift */; };
		40A7C94029FB4B11001F44E8 /* AddPostController.swift in Sources */ = {isa = PBXBuildFile; fileRef = 40A7C93F29FB4B11001F44E8 /* AddPostController.swift */; };
		40E60EDC29EF629E00CA6EB7 /* AppDelegate.swift in Sources */ = {isa = PBXBuildFile; fileRef = 40E60EDB29EF629E00CA6EB7 /* AppDelegate.swift */; };
		40E60EDE29EF629E00CA6EB7 /* SceneDelegate.swift in Sources */ = {isa = PBXBuildFile; fileRef = 40E60EDD29EF629E00CA6EB7 /* SceneDelegate.swift */; };
		40E60EE029EF629E00CA6EB7 /* SignUpController.swift in Sources */ = {isa = PBXBuildFile; fileRef = 40E60EDF29EF629E00CA6EB7 /* SignUpController.swift */; };
		40E60EE529EF629F00CA6EB7 /* Assets.xcassets in Resources */ = {isa = PBXBuildFile; fileRef = 40E60EE429EF629F00CA6EB7 /* Assets.xcassets */; };
		40E60EE829EF629F00CA6EB7 /* LaunchScreen.storyboard in Resources */ = {isa = PBXBuildFile; fileRef = 40E60EE629EF629F00CA6EB7 /* LaunchScreen.storyboard */; };
		40EF48FF29EF64A4009BF039 /* SignUpView.swift in Sources */ = {isa = PBXBuildFile; fileRef = 40EF48FE29EF64A4009BF039 /* SignUpView.swift */; };
		40EF491529EF75B4009BF039 /* GoogleService-Info.plist in Resources */ = {isa = PBXBuildFile; fileRef = 40EF491429EF75B4009BF039 /* GoogleService-Info.plist */; };
/* End PBXBuildFile section */

/* Begin PBXFileReference section */
		403D6BEE29EF7806000D9915 /* DataBaseService.swift */ = {isa = PBXFileReference; lastKnownFileType = sourcecode.swift; path = DataBaseService.swift; sourceTree = "<group>"; };
		403D6BF129EF7B22000D9915 /* UIColor+Extensions.swift */ = {isa = PBXFileReference; lastKnownFileType = sourcecode.swift; path = "UIColor+Extensions.swift"; sourceTree = "<group>"; };
		403D6BF329EF7DA6000D9915 /* AuthenticationSession.swift */ = {isa = PBXFileReference; lastKnownFileType = sourcecode.swift; path = AuthenticationSession.swift; sourceTree = "<group>"; };
		403D6BF829F07F34000D9915 /* UIAlert+Extensions.swift */ = {isa = PBXFileReference; lastKnownFileType = sourcecode.swift; path = "UIAlert+Extensions.swift"; sourceTree = "<group>"; };
		4069C9CA29FC5A6500D412F2 /* CameraController.swift */ = {isa = PBXFileReference; lastKnownFileType = sourcecode.swift; path = CameraController.swift; sourceTree = "<group>"; };
		4086DCB829F0B69500F2FFC5 /* StorageService.swift */ = {isa = PBXFileReference; lastKnownFileType = sourcecode.swift; path = StorageService.swift; sourceTree = "<group>"; };
		4086DCC329F0BA8100F2FFC5 /* UIImage+Extensions.swift */ = {isa = PBXFileReference; lastKnownFileType = sourcecode.swift; path = "UIImage+Extensions.swift"; sourceTree = "<group>"; };
		4086DCC529F1BB8300F2FFC5 /* MainTabBarController.swift */ = {isa = PBXFileReference; lastKnownFileType = sourcecode.swift; path = MainTabBarController.swift; sourceTree = "<group>"; };
		4086DCC729F1BC2F00F2FFC5 /* CurrentUserProfileController.swift */ = {isa = PBXFileReference; lastKnownFileType = sourcecode.swift; path = CurrentUserProfileController.swift; sourceTree = "<group>"; };
		4086DCC929F1C45A00F2FFC5 /* UserProfileView.swift */ = {isa = PBXFileReference; lastKnownFileType = sourcecode.swift; path = UserProfileView.swift; sourceTree = "<group>"; };
		4086DCCB29F1C86A00F2FFC5 /* UserProfileHeader.swift */ = {isa = PBXFileReference; lastKnownFileType = sourcecode.swift; path = UserProfileHeader.swift; sourceTree = "<group>"; };
		4086DCCE29F1CEEE00F2FFC5 /* User.swift */ = {isa = PBXFileReference; lastKnownFileType = sourcecode.swift; path = User.swift; sourceTree = "<group>"; };
		4086DCD029F2029500F2FFC5 /* LoginController.swift */ = {isa = PBXFileReference; lastKnownFileType = sourcecode.swift; path = LoginController.swift; sourceTree = "<group>"; };
		4086DCD229F202A500F2FFC5 /* LoginView.swift */ = {isa = PBXFileReference; lastKnownFileType = sourcecode.swift; path = LoginView.swift; sourceTree = "<group>"; };
		4086DCD429F2034800F2FFC5 /* UIViewController+Navigation.swift */ = {isa = PBXFileReference; lastKnownFileType = sourcecode.swift; path = "UIViewController+Navigation.swift"; sourceTree = "<group>"; };
		4086DCD629F2110D00F2FFC5 /* HomeFeedController.swift */ = {isa = PBXFileReference; lastKnownFileType = sourcecode.swift; path = HomeFeedController.swift; sourceTree = "<group>"; };
		408FE0E529F5FA2A00E8EEE8 /* HomeFeedView.swift */ = {isa = PBXFileReference; lastKnownFileType = sourcecode.swift; path = HomeFeedView.swift; sourceTree = "<group>"; };
		408FE0E729F5FAA600E8EEE8 /* SearchController.swift */ = {isa = PBXFileReference; lastKnownFileType = sourcecode.swift; path = SearchController.swift; sourceTree = "<group>"; };
		408FE0E929F5FAB400E8EEE8 /* SearchView.swift */ = {isa = PBXFileReference; lastKnownFileType = sourcecode.swift; path = SearchView.swift; sourceTree = "<group>"; };
		408FE0ED29F5FC8500E8EEE8 /* FavoritesController.swift */ = {isa = PBXFileReference; lastKnownFileType = sourcecode.swift; path = FavoritesController.swift; sourceTree = "<group>"; };
		408FE0EF29F5FC9E00E8EEE8 /* LikeView.swift */ = {isa = PBXFileReference; lastKnownFileType = sourcecode.swift; path = LikeView.swift; sourceTree = "<group>"; };
		408FE0F129F6013800E8EEE8 /* PhotoSelectorController.swift */ = {isa = PBXFileReference; lastKnownFileType = sourcecode.swift; path = PhotoSelectorController.swift; sourceTree = "<group>"; };
		408FE0F329F623E200E8EEE8 /* PhotoSelectorCell.swift */ = {isa = PBXFileReference; lastKnownFileType = sourcecode.swift; path = PhotoSelectorCell.swift; sourceTree = "<group>"; };
		408FE0F529F6D33500E8EEE8 /* PhotoSelectorHeader.swift */ = {isa = PBXFileReference; lastKnownFileType = sourcecode.swift; path = PhotoSelectorHeader.swift; sourceTree = "<group>"; };
		408FE0F729F6DD4800E8EEE8 /* CaptionController.swift */ = {isa = PBXFileReference; lastKnownFileType = sourcecode.swift; path = CaptionController.swift; sourceTree = "<group>"; };
		408FE0F929F6E46000E8EEE8 /* CaptionView.swift */ = {isa = PBXFileReference; lastKnownFileType = sourcecode.swift; path = CaptionView.swift; sourceTree = "<group>"; };
		408FE0FB29F6F8EB00E8EEE8 /* Post.swift */ = {isa = PBXFileReference; lastKnownFileType = sourcecode.swift; path = Post.swift; sourceTree = "<group>"; };
		408FE0FD29F6FE1700E8EEE8 /* ProfilePostCell.swift */ = {isa = PBXFileReference; lastKnownFileType = sourcecode.swift; path = ProfilePostCell.swift; sourceTree = "<group>"; };
		40A4FC1D29F739DC004702E0 /* HomeFeedCell.swift */ = {isa = PBXFileReference; lastKnownFileType = sourcecode.swift; path = HomeFeedCell.swift; sourceTree = "<group>"; };
		40A7C92929F86B1F001F44E8 /* Date.swift */ = {isa = PBXFileReference; lastKnownFileType = sourcecode.swift; path = Date.swift; sourceTree = "<group>"; };
		40A7C92B29F8B75E001F44E8 /* SearchUserCell.swift */ = {isa = PBXFileReference; lastKnownFileType = sourcecode.swift; path = SearchUserCell.swift; sourceTree = "<group>"; };
		40A7C92D29F9B62C001F44E8 /* SearchedUserProfileController.swift */ = {isa = PBXFileReference; lastKnownFileType = sourcecode.swift; path = SearchedUserProfileController.swift; sourceTree = "<group>"; };
		40A7C92F29F9B6A6001F44E8 /* SearchedUserView.swift */ = {isa = PBXFileReference; lastKnownFileType = sourcecode.swift; path = SearchedUserView.swift; sourceTree = "<group>"; };
		40A7C93529F9B85E001F44E8 /* SearchedUserProfileHeader.swift */ = {isa = PBXFileReference; lastKnownFileType = sourcecode.swift; path = SearchedUserProfileHeader.swift; sourceTree = "<group>"; };
		40A7C93829F9B8E5001F44E8 /* PostCell.swift */ = {isa = PBXFileReference; lastKnownFileType = sourcecode.swift; path = PostCell.swift; sourceTree = "<group>"; };
		40A7C93F29FB4B11001F44E8 /* AddPostController.swift */ = {isa = PBXFileReference; fileEncoding = 4; lastKnownFileType = sourcecode.swift; path = AddPostController.swift; sourceTree = "<group>"; };
		40E60ED829EF629E00CA6EB7 /* InstaClone.app */ = {isa = PBXFileReference; explicitFileType = wrapper.application; includeInIndex = 0; path = InstaClone.app; sourceTree = BUILT_PRODUCTS_DIR; };
		40E60EDB29EF629E00CA6EB7 /* AppDelegate.swift */ = {isa = PBXFileReference; lastKnownFileType = sourcecode.swift; path = AppDelegate.swift; sourceTree = "<group>"; };
		40E60EDD29EF629E00CA6EB7 /* SceneDelegate.swift */ = {isa = PBXFileReference; lastKnownFileType = sourcecode.swift; path = SceneDelegate.swift; sourceTree = "<group>"; };
		40E60EDF29EF629E00CA6EB7 /* SignUpController.swift */ = {isa = PBXFileReference; lastKnownFileType = sourcecode.swift; path = SignUpController.swift; sourceTree = "<group>"; };
		40E60EE429EF629F00CA6EB7 /* Assets.xcassets */ = {isa = PBXFileReference; lastKnownFileType = folder.assetcatalog; path = Assets.xcassets; sourceTree = "<group>"; };
		40E60EE729EF629F00CA6EB7 /* Base */ = {isa = PBXFileReference; lastKnownFileType = file.storyboard; name = Base; path = Base.lproj/LaunchScreen.storyboard; sourceTree = "<group>"; };
		40E60EE929EF629F00CA6EB7 /* Info.plist */ = {isa = PBXFileReference; lastKnownFileType = text.plist.xml; path = Info.plist; sourceTree = "<group>"; };
		40EF48FE29EF64A4009BF039 /* SignUpView.swift */ = {isa = PBXFileReference; lastKnownFileType = sourcecode.swift; path = SignUpView.swift; sourceTree = "<group>"; };
		40EF491429EF75B4009BF039 /* GoogleService-Info.plist */ = {isa = PBXFileReference; fileEncoding = 4; lastKnownFileType = text.plist.xml; path = "GoogleService-Info.plist"; sourceTree = "<group>"; };
/* End PBXFileReference section */

/* Begin PBXFrameworksBuildPhase section */
		40E60ED529EF629E00CA6EB7 /* Frameworks */ = {
			isa = PBXFrameworksBuildPhase;
			buildActionMask = 2147483647;
			files = (
				4086DCB729F093EE00F2FFC5 /* Mantis in Frameworks */,
				4086DCBC29F0B7A600F2FFC5 /* FirebaseAuth in Frameworks */,
				4086DCBE29F0B7A600F2FFC5 /* FirebaseDatabase in Frameworks */,
				4086DCC029F0B7A600F2FFC5 /* FirebaseFirestore in Frameworks */,
				403D6BEC29EF76A6000D9915 /* Kingfisher in Frameworks */,
				4086DCC229F0B7A600F2FFC5 /* FirebaseStorage in Frameworks */,
			);
			runOnlyForDeploymentPostprocessing = 0;
		};
/* End PBXFrameworksBuildPhase section */

/* Begin PBXGroup section */
		403D6BED29EF77ED000D9915 /* Firebase Services */ = {
			isa = PBXGroup;
			children = (
				403D6BEE29EF7806000D9915 /* DataBaseService.swift */,
				4086DCB829F0B69500F2FFC5 /* StorageService.swift */,
				403D6BF329EF7DA6000D9915 /* AuthenticationSession.swift */,
			);
			path = "Firebase Services";
			sourceTree = "<group>";
		};
		403D6BF029EF7B12000D9915 /* Extensions  */ = {
			isa = PBXGroup;
			children = (
				403D6BF129EF7B22000D9915 /* UIColor+Extensions.swift */,
				403D6BF829F07F34000D9915 /* UIAlert+Extensions.swift */,
				4086DCC329F0BA8100F2FFC5 /* UIImage+Extensions.swift */,
				40A7C92929F86B1F001F44E8 /* Date.swift */,
				4086DCD429F2034800F2FFC5 /* UIViewController+Navigation.swift */,
			);
			path = "Extensions ";
			sourceTree = "<group>";
		};
		403D6BF729EF89D3000D9915 /* Controllers */ = {
			isa = PBXGroup;
			children = (
				4086DCC529F1BB8300F2FFC5 /* MainTabBarController.swift */,
				408FE0F129F6013800E8EEE8 /* PhotoSelectorController.swift */,
				4069C9CA29FC5A6500D412F2 /* CameraController.swift */,
				408FE0F729F6DD4800E8EEE8 /* CaptionController.swift */,
				40A7C93F29FB4B11001F44E8 /* AddPostController.swift */,
				408FE0ED29F5FC8500E8EEE8 /* FavoritesController.swift */,
				40E60EDF29EF629E00CA6EB7 /* SignUpController.swift */,
				4086DCD029F2029500F2FFC5 /* LoginController.swift */,
				408FE0E729F5FAA600E8EEE8 /* SearchController.swift */,
				40A7C92D29F9B62C001F44E8 /* SearchedUserProfileController.swift */,
				4086DCC729F1BC2F00F2FFC5 /* CurrentUserProfileController.swift */,
				4086DCD629F2110D00F2FFC5 /* HomeFeedController.swift */,
			);
			path = Controllers;
			sourceTree = "<group>";
		};
		4086DCCD29F1CEE200F2FFC5 /* Models */ = {
			isa = PBXGroup;
			children = (
				4086DCCE29F1CEEE00F2FFC5 /* User.swift */,
				408FE0FB29F6F8EB00E8EEE8 /* Post.swift */,
			);
			path = Models;
			sourceTree = "<group>";
		};
		40A7C93129F9B7BF001F44E8 /* Home Feed */ = {
			isa = PBXGroup;
			children = (
				408FE0E529F5FA2A00E8EEE8 /* HomeFeedView.swift */,
				40A4FC1D29F739DC004702E0 /* HomeFeedCell.swift */,
			);
			path = "Home Feed";
			sourceTree = "<group>";
		};
		40A7C93229F9B7CC001F44E8 /* Photo Selector */ = {
			isa = PBXGroup;
			children = (
				408FE0F529F6D33500E8EEE8 /* PhotoSelectorHeader.swift */,
				408FE0F329F623E200E8EEE8 /* PhotoSelectorCell.swift */,
			);
			path = "Photo Selector";
			sourceTree = "<group>";
		};
		40A7C93329F9B7E6001F44E8 /* Current User */ = {
			isa = PBXGroup;
			children = (
				4086DCC929F1C45A00F2FFC5 /* UserProfileView.swift */,
				4086DCCB29F1C86A00F2FFC5 /* UserProfileHeader.swift */,
				408FE0FD29F6FE1700E8EEE8 /* ProfilePostCell.swift */,
			);
			path = "Current User";
			sourceTree = "<group>";
		};
		40A7C93429F9B80B001F44E8 /* User Search */ = {
			isa = PBXGroup;
			children = (
				40A7C92B29F8B75E001F44E8 /* SearchUserCell.swift */,
				408FE0E929F5FAB400E8EEE8 /* SearchView.swift */,
			);
			name = "User Search";
			sourceTree = "<group>";
		};
		40A7C93729F9B88D001F44E8 /* Searched User */ = {
			isa = PBXGroup;
			children = (
				40A7C92F29F9B6A6001F44E8 /* SearchedUserView.swift */,
				40A7C93529F9B85E001F44E8 /* SearchedUserProfileHeader.swift */,
				40A7C93829F9B8E5001F44E8 /* PostCell.swift */,
			);
			path = "Searched User";
			sourceTree = "<group>";
		};
		40A7C93A29F9C484001F44E8 /* UserState */ = {
			isa = PBXGroup;
			children = (
				4086DCD229F202A500F2FFC5 /* LoginView.swift */,
				40EF48FE29EF64A4009BF039 /* SignUpView.swift */,
			);
			path = UserState;
			sourceTree = "<group>";
		};
		40E60ECF29EF629E00CA6EB7 = {
			isa = PBXGroup;
			children = (
				40E60EDA29EF629E00CA6EB7 /* InstaClone */,
				40E60ED929EF629E00CA6EB7 /* Products */,
			);
			sourceTree = "<group>";
		};
		40E60ED929EF629E00CA6EB7 /* Products */ = {
			isa = PBXGroup;
			children = (
				40E60ED829EF629E00CA6EB7 /* InstaClone.app */,
			);
			name = Products;
			sourceTree = "<group>";
		};
		40E60EDA29EF629E00CA6EB7 /* InstaClone */ = {
			isa = PBXGroup;
			children = (
				4086DCCD29F1CEE200F2FFC5 /* Models */,
				403D6BF029EF7B12000D9915 /* Extensions  */,
				403D6BED29EF77ED000D9915 /* Firebase Services */,
				40EF48FD29EF6452009BF039 /* Views */,
				403D6BF729EF89D3000D9915 /* Controllers */,
				40EF48FC29EF640F009BF039 /* Supporting */,
				40E60EE929EF629F00CA6EB7 /* Info.plist */,
				40EF491429EF75B4009BF039 /* GoogleService-Info.plist */,
			);
			path = InstaClone;
			sourceTree = "<group>";
		};
		40EF48FC29EF640F009BF039 /* Supporting */ = {
			isa = PBXGroup;
			children = (
				40E60EDB29EF629E00CA6EB7 /* AppDelegate.swift */,
				40E60EDD29EF629E00CA6EB7 /* SceneDelegate.swift */,
				40E60EE429EF629F00CA6EB7 /* Assets.xcassets */,
				40E60EE629EF629F00CA6EB7 /* LaunchScreen.storyboard */,
			);
			path = Supporting;
			sourceTree = "<group>";
		};
		40EF48FD29EF6452009BF039 /* Views */ = {
			isa = PBXGroup;
			children = (
				40A7C93A29F9C484001F44E8 /* UserState */,
				40A7C93729F9B88D001F44E8 /* Searched User */,
				40A7C93429F9B80B001F44E8 /* User Search */,
				40A7C93329F9B7E6001F44E8 /* Current User */,
				40A7C93129F9B7BF001F44E8 /* Home Feed */,
				40A7C93229F9B7CC001F44E8 /* Photo Selector */,
				408FE0F929F6E46000E8EEE8 /* CaptionView.swift */,
				408FE0EF29F5FC9E00E8EEE8 /* LikeView.swift */,
			);
			path = Views;
			sourceTree = "<group>";
		};
/* End PBXGroup section */

/* Begin PBXNativeTarget section */
		40E60ED729EF629E00CA6EB7 /* InstaClone */ = {
			isa = PBXNativeTarget;
			buildConfigurationList = 40E60EEC29EF629F00CA6EB7 /* Build configuration list for PBXNativeTarget "InstaClone" */;
			buildPhases = (
				40E60ED429EF629E00CA6EB7 /* Sources */,
				40E60ED529EF629E00CA6EB7 /* Frameworks */,
				40E60ED629EF629E00CA6EB7 /* Resources */,
			);
			buildRules = (
			);
			dependencies = (
			);
			name = InstaClone;
			packageProductDependencies = (
				403D6BEB29EF76A6000D9915 /* Kingfisher */,
				4086DCB629F093EE00F2FFC5 /* Mantis */,
				4086DCBB29F0B7A600F2FFC5 /* FirebaseAuth */,
				4086DCBD29F0B7A600F2FFC5 /* FirebaseDatabase */,
				4086DCBF29F0B7A600F2FFC5 /* FirebaseFirestore */,
				4086DCC129F0B7A600F2FFC5 /* FirebaseStorage */,
			);
			productName = InstaClone;
			productReference = 40E60ED829EF629E00CA6EB7 /* InstaClone.app */;
			productType = "com.apple.product-type.application";
		};
/* End PBXNativeTarget section */

/* Begin PBXProject section */
		40E60ED029EF629E00CA6EB7 /* Project object */ = {
			isa = PBXProject;
			attributes = {
				BuildIndependentTargetsInParallel = 1;
				LastSwiftUpdateCheck = 1430;
				LastUpgradeCheck = 1430;
				TargetAttributes = {
					40E60ED729EF629E00CA6EB7 = {
						CreatedOnToolsVersion = 14.3;
					};
				};
			};
			buildConfigurationList = 40E60ED329EF629E00CA6EB7 /* Build configuration list for PBXProject "InstaClone" */;
			compatibilityVersion = "Xcode 14.0";
			developmentRegion = en;
			hasScannedForEncodings = 0;
			knownRegions = (
				en,
				Base,
			);
			mainGroup = 40E60ECF29EF629E00CA6EB7;
			packageReferences = (
				403D6BEA29EF76A6000D9915 /* XCRemoteSwiftPackageReference "Kingfisher" */,
				4086DCB529F093EE00F2FFC5 /* XCRemoteSwiftPackageReference "Mantis" */,
				4086DCBA29F0B7A600F2FFC5 /* XCRemoteSwiftPackageReference "firebase-ios-sdk" */,
			);
			productRefGroup = 40E60ED929EF629E00CA6EB7 /* Products */;
			projectDirPath = "";
			projectRoot = "";
			targets = (
				40E60ED729EF629E00CA6EB7 /* InstaClone */,
			);
		};
/* End PBXProject section */

/* Begin PBXResourcesBuildPhase section */
		40E60ED629EF629E00CA6EB7 /* Resources */ = {
			isa = PBXResourcesBuildPhase;
			buildActionMask = 2147483647;
			files = (
				40E60EE829EF629F00CA6EB7 /* LaunchScreen.storyboard in Resources */,
				40E60EE529EF629F00CA6EB7 /* Assets.xcassets in Resources */,
				40EF491529EF75B4009BF039 /* GoogleService-Info.plist in Resources */,
			);
			runOnlyForDeploymentPostprocessing = 0;
		};
/* End PBXResourcesBuildPhase section */

/* Begin PBXSourcesBuildPhase section */
		40E60ED429EF629E00CA6EB7 /* Sources */ = {
			isa = PBXSourcesBuildPhase;
			buildActionMask = 2147483647;
			files = (
				40A7C92C29F8B75E001F44E8 /* SearchUserCell.swift in Sources */,
				4086DCCC29F1C86A00F2FFC5 /* UserProfileHeader.swift in Sources */,
				40A7C93929F9B8E5001F44E8 /* PostCell.swift in Sources */,
				408FE0E629F5FA2A00E8EEE8 /* HomeFeedView.swift in Sources */,
				40E60EE029EF629E00CA6EB7 /* SignUpController.swift in Sources */,
				403D6BF229EF7B22000D9915 /* UIColor+Extensions.swift in Sources */,
				408FE0FA29F6E46000E8EEE8 /* CaptionView.swift in Sources */,
				4086DCC829F1BC2F00F2FFC5 /* CurrentUserProfileController.swift in Sources */,
				4086DCC629F1BB8300F2FFC5 /* MainTabBarController.swift in Sources */,
				403D6BEF29EF7806000D9915 /* DataBaseService.swift in Sources */,
				408FE0F629F6D33500E8EEE8 /* PhotoSelectorHeader.swift in Sources */,
				408FE0FE29F6FE1700E8EEE8 /* ProfilePostCell.swift in Sources */,
				4086DCCA29F1C45A00F2FFC5 /* UserProfileView.swift in Sources */,
				403D6BF429EF7DA6000D9915 /* AuthenticationSession.swift in Sources */,
				4069C9CB29FC5A6500D412F2 /* CameraController.swift in Sources */,
				4086DCCF29F1CEEE00F2FFC5 /* User.swift in Sources */,
				408FE0EA29F5FAB400E8EEE8 /* SearchView.swift in Sources */,
				408FE0E829F5FAA600E8EEE8 /* SearchController.swift in Sources */,
				408FE0F429F623E200E8EEE8 /* PhotoSelectorCell.swift in Sources */,
				40A7C93029F9B6A6001F44E8 /* SearchedUserView.swift in Sources */,
				403D6BF929F07F34000D9915 /* UIAlert+Extensions.swift in Sources */,
				4086DCD329F202A500F2FFC5 /* LoginView.swift in Sources */,
				408FE0F829F6DD4800E8EEE8 /* CaptionController.swift in Sources */,
				40A7C92E29F9B62C001F44E8 /* SearchedUserProfileController.swift in Sources */,
				40E60EDC29EF629E00CA6EB7 /* AppDelegate.swift in Sources */,
				40A7C93629F9B85E001F44E8 /* SearchedUserProfileHeader.swift in Sources */,
				408FE0FC29F6F8EB00E8EEE8 /* Post.swift in Sources */,
				40A4FC1E29F739DC004702E0 /* HomeFeedCell.swift in Sources */,
				40A7C92A29F86B1F001F44E8 /* Date.swift in Sources */,
				408FE0EE29F5FC8500E8EEE8 /* FavoritesController.swift in Sources */,
				4086DCD529F2034800F2FFC5 /* UIViewController+Navigation.swift in Sources */,
				40EF48FF29EF64A4009BF039 /* SignUpView.swift in Sources */,
				40A7C94029FB4B11001F44E8 /* AddPostController.swift in Sources */,
				4086DCD729F2110D00F2FFC5 /* HomeFeedController.swift in Sources */,
				4086DCC429F0BA8100F2FFC5 /* UIImage+Extensions.swift in Sources */,
				408FE0F229F6013800E8EEE8 /* PhotoSelectorController.swift in Sources */,
				4086DCD129F2029500F2FFC5 /* LoginController.swift in Sources */,
				408FE0F029F5FC9E00E8EEE8 /* LikeView.swift in Sources */,
				4086DCB929F0B69500F2FFC5 /* StorageService.swift in Sources */,
				40E60EDE29EF629E00CA6EB7 /* SceneDelegate.swift in Sources */,
			);
			runOnlyForDeploymentPostprocessing = 0;
		};
/* End PBXSourcesBuildPhase section */

/* Begin PBXVariantGroup section */
		40E60EE629EF629F00CA6EB7 /* LaunchScreen.storyboard */ = {
			isa = PBXVariantGroup;
			children = (
				40E60EE729EF629F00CA6EB7 /* Base */,
			);
			name = LaunchScreen.storyboard;
			sourceTree = "<group>";
		};
/* End PBXVariantGroup section */

/* Begin XCBuildConfiguration section */
		40E60EEA29EF629F00CA6EB7 /* Debug */ = {
			isa = XCBuildConfiguration;
			buildSettings = {
				ALWAYS_SEARCH_USER_PATHS = NO;
				CLANG_ANALYZER_NONNULL = YES;
				CLANG_ANALYZER_NUMBER_OBJECT_CONVERSION = YES_AGGRESSIVE;
				CLANG_CXX_LANGUAGE_STANDARD = "gnu++20";
				CLANG_ENABLE_MODULES = YES;
				CLANG_ENABLE_OBJC_ARC = YES;
				CLANG_ENABLE_OBJC_WEAK = YES;
				CLANG_WARN_BLOCK_CAPTURE_AUTORELEASING = YES;
				CLANG_WARN_BOOL_CONVERSION = YES;
				CLANG_WARN_COMMA = YES;
				CLANG_WARN_CONSTANT_CONVERSION = YES;
				CLANG_WARN_DEPRECATED_OBJC_IMPLEMENTATIONS = YES;
				CLANG_WARN_DIRECT_OBJC_ISA_USAGE = YES_ERROR;
				CLANG_WARN_DOCUMENTATION_COMMENTS = YES;
				CLANG_WARN_EMPTY_BODY = YES;
				CLANG_WARN_ENUM_CONVERSION = YES;
				CLANG_WARN_INFINITE_RECURSION = YES;
				CLANG_WARN_INT_CONVERSION = YES;
				CLANG_WARN_NON_LITERAL_NULL_CONVERSION = YES;
				CLANG_WARN_OBJC_IMPLICIT_RETAIN_SELF = YES;
				CLANG_WARN_OBJC_LITERAL_CONVERSION = YES;
				CLANG_WARN_OBJC_ROOT_CLASS = YES_ERROR;
				CLANG_WARN_QUOTED_INCLUDE_IN_FRAMEWORK_HEADER = YES;
				CLANG_WARN_RANGE_LOOP_ANALYSIS = YES;
				CLANG_WARN_STRICT_PROTOTYPES = YES;
				CLANG_WARN_SUSPICIOUS_MOVE = YES;
				CLANG_WARN_UNGUARDED_AVAILABILITY = YES_AGGRESSIVE;
				CLANG_WARN_UNREACHABLE_CODE = YES;
				CLANG_WARN__DUPLICATE_METHOD_MATCH = YES;
				COPY_PHASE_STRIP = NO;
				DEBUG_INFORMATION_FORMAT = dwarf;
				ENABLE_STRICT_OBJC_MSGSEND = YES;
				ENABLE_TESTABILITY = YES;
				GCC_C_LANGUAGE_STANDARD = gnu11;
				GCC_DYNAMIC_NO_PIC = NO;
				GCC_NO_COMMON_BLOCKS = YES;
				GCC_OPTIMIZATION_LEVEL = 0;
				GCC_PREPROCESSOR_DEFINITIONS = (
					"DEBUG=1",
					"$(inherited)",
				);
				GCC_WARN_64_TO_32_BIT_CONVERSION = YES;
				GCC_WARN_ABOUT_RETURN_TYPE = YES_ERROR;
				GCC_WARN_UNDECLARED_SELECTOR = YES;
				GCC_WARN_UNINITIALIZED_AUTOS = YES_AGGRESSIVE;
				GCC_WARN_UNUSED_FUNCTION = YES;
				GCC_WARN_UNUSED_VARIABLE = YES;
				IPHONEOS_DEPLOYMENT_TARGET = 16.4;
				MTL_ENABLE_DEBUG_INFO = INCLUDE_SOURCE;
				MTL_FAST_MATH = YES;
				ONLY_ACTIVE_ARCH = YES;
				SDKROOT = iphoneos;
				SWIFT_ACTIVE_COMPILATION_CONDITIONS = DEBUG;
				SWIFT_OPTIMIZATION_LEVEL = "-Onone";
			};
			name = Debug;
		};
		40E60EEB29EF629F00CA6EB7 /* Release */ = {
			isa = XCBuildConfiguration;
			buildSettings = {
				ALWAYS_SEARCH_USER_PATHS = NO;
				CLANG_ANALYZER_NONNULL = YES;
				CLANG_ANALYZER_NUMBER_OBJECT_CONVERSION = YES_AGGRESSIVE;
				CLANG_CXX_LANGUAGE_STANDARD = "gnu++20";
				CLANG_ENABLE_MODULES = YES;
				CLANG_ENABLE_OBJC_ARC = YES;
				CLANG_ENABLE_OBJC_WEAK = YES;
				CLANG_WARN_BLOCK_CAPTURE_AUTORELEASING = YES;
				CLANG_WARN_BOOL_CONVERSION = YES;
				CLANG_WARN_COMMA = YES;
				CLANG_WARN_CONSTANT_CONVERSION = YES;
				CLANG_WARN_DEPRECATED_OBJC_IMPLEMENTATIONS = YES;
				CLANG_WARN_DIRECT_OBJC_ISA_USAGE = YES_ERROR;
				CLANG_WARN_DOCUMENTATION_COMMENTS = YES;
				CLANG_WARN_EMPTY_BODY = YES;
				CLANG_WARN_ENUM_CONVERSION = YES;
				CLANG_WARN_INFINITE_RECURSION = YES;
				CLANG_WARN_INT_CONVERSION = YES;
				CLANG_WARN_NON_LITERAL_NULL_CONVERSION = YES;
				CLANG_WARN_OBJC_IMPLICIT_RETAIN_SELF = YES;
				CLANG_WARN_OBJC_LITERAL_CONVERSION = YES;
				CLANG_WARN_OBJC_ROOT_CLASS = YES_ERROR;
				CLANG_WARN_QUOTED_INCLUDE_IN_FRAMEWORK_HEADER = YES;
				CLANG_WARN_RANGE_LOOP_ANALYSIS = YES;
				CLANG_WARN_STRICT_PROTOTYPES = YES;
				CLANG_WARN_SUSPICIOUS_MOVE = YES;
				CLANG_WARN_UNGUARDED_AVAILABILITY = YES_AGGRESSIVE;
				CLANG_WARN_UNREACHABLE_CODE = YES;
				CLANG_WARN__DUPLICATE_METHOD_MATCH = YES;
				COPY_PHASE_STRIP = NO;
				DEBUG_INFORMATION_FORMAT = "dwarf-with-dsym";
				ENABLE_NS_ASSERTIONS = NO;
				ENABLE_STRICT_OBJC_MSGSEND = YES;
				GCC_C_LANGUAGE_STANDARD = gnu11;
				GCC_NO_COMMON_BLOCKS = YES;
				GCC_WARN_64_TO_32_BIT_CONVERSION = YES;
				GCC_WARN_ABOUT_RETURN_TYPE = YES_ERROR;
				GCC_WARN_UNDECLARED_SELECTOR = YES;
				GCC_WARN_UNINITIALIZED_AUTOS = YES_AGGRESSIVE;
				GCC_WARN_UNUSED_FUNCTION = YES;
				GCC_WARN_UNUSED_VARIABLE = YES;
				IPHONEOS_DEPLOYMENT_TARGET = 16.4;
				MTL_ENABLE_DEBUG_INFO = NO;
				MTL_FAST_MATH = YES;
				SDKROOT = iphoneos;
				SWIFT_COMPILATION_MODE = wholemodule;
				SWIFT_OPTIMIZATION_LEVEL = "-O";
				VALIDATE_PRODUCT = YES;
			};
			name = Release;
		};
		40E60EED29EF629F00CA6EB7 /* Debug */ = {
			isa = XCBuildConfiguration;
			buildSettings = {
				ASSETCATALOG_COMPILER_APPICON_NAME = AppIcon;
				ASSETCATALOG_COMPILER_GLOBAL_ACCENT_COLOR_NAME = AccentColor;
				CODE_SIGN_STYLE = Automatic;
				CURRENT_PROJECT_VERSION = 1;
				DEVELOPMENT_TEAM = NJ8L7C6778;
				GENERATE_INFOPLIST_FILE = YES;
				INFOPLIST_FILE = InstaClone/Info.plist;
				INFOPLIST_KEY_UIApplicationSupportsIndirectInputEvents = YES;
				INFOPLIST_KEY_UILaunchStoryboardName = LaunchScreen;
				INFOPLIST_KEY_UISupportedInterfaceOrientations_iPad = "UIInterfaceOrientationPortrait UIInterfaceOrientationPortraitUpsideDown UIInterfaceOrientationLandscapeLeft UIInterfaceOrientationLandscapeRight";
				INFOPLIST_KEY_UISupportedInterfaceOrientations_iPhone = "UIInterfaceOrientationPortrait UIInterfaceOrientationLandscapeLeft UIInterfaceOrientationLandscapeRight";
				LD_RUNPATH_SEARCH_PATHS = (
					"$(inherited)",
					"@executable_path/Frameworks",
				);
				MARKETING_VERSION = 1.0;
				PRODUCT_BUNDLE_IDENTIFIER = brendoncrowe.InstaClone;
				PRODUCT_NAME = "$(TARGET_NAME)";
				SWIFT_EMIT_LOC_STRINGS = YES;
				SWIFT_VERSION = 5.0;
				TARGETED_DEVICE_FAMILY = "1,2";
			};
			name = Debug;
		};
		40E60EEE29EF629F00CA6EB7 /* Release */ = {
			isa = XCBuildConfiguration;
			buildSettings = {
				ASSETCATALOG_COMPILER_APPICON_NAME = AppIcon;
				ASSETCATALOG_COMPILER_GLOBAL_ACCENT_COLOR_NAME = AccentColor;
				CODE_SIGN_STYLE = Automatic;
				CURRENT_PROJECT_VERSION = 1;
				DEVELOPMENT_TEAM = NJ8L7C6778;
				GENERATE_INFOPLIST_FILE = YES;
				INFOPLIST_FILE = InstaClone/Info.plist;
				INFOPLIST_KEY_UIApplicationSupportsIndirectInputEvents = YES;
				INFOPLIST_KEY_UILaunchStoryboardName = LaunchScreen;
				INFOPLIST_KEY_UISupportedInterfaceOrientations_iPad = "UIInterfaceOrientationPortrait UIInterfaceOrientationPortraitUpsideDown UIInterfaceOrientationLandscapeLeft UIInterfaceOrientationLandscapeRight";
				INFOPLIST_KEY_UISupportedInterfaceOrientations_iPhone = "UIInterfaceOrientationPortrait UIInterfaceOrientationLandscapeLeft UIInterfaceOrientationLandscapeRight";
				LD_RUNPATH_SEARCH_PATHS = (
					"$(inherited)",
					"@executable_path/Frameworks",
				);
				MARKETING_VERSION = 1.0;
				PRODUCT_BUNDLE_IDENTIFIER = brendoncrowe.InstaClone;
				PRODUCT_NAME = "$(TARGET_NAME)";
				SWIFT_EMIT_LOC_STRINGS = YES;
				SWIFT_VERSION = 5.0;
				TARGETED_DEVICE_FAMILY = "1,2";
			};
			name = Release;
		};
/* End XCBuildConfiguration section */

/* Begin XCConfigurationList section */
		40E60ED329EF629E00CA6EB7 /* Build configuration list for PBXProject "InstaClone" */ = {
			isa = XCConfigurationList;
			buildConfigurations = (
				40E60EEA29EF629F00CA6EB7 /* Debug */,
				40E60EEB29EF629F00CA6EB7 /* Release */,
			);
			defaultConfigurationIsVisible = 0;
			defaultConfigurationName = Release;
		};
		40E60EEC29EF629F00CA6EB7 /* Build configuration list for PBXNativeTarget "InstaClone" */ = {
			isa = XCConfigurationList;
			buildConfigurations = (
				40E60EED29EF629F00CA6EB7 /* Debug */,
				40E60EEE29EF629F00CA6EB7 /* Release */,
			);
			defaultConfigurationIsVisible = 0;
			defaultConfigurationName = Release;
		};
/* End XCConfigurationList section */

/* Begin XCRemoteSwiftPackageReference section */
		403D6BEA29EF76A6000D9915 /* XCRemoteSwiftPackageReference "Kingfisher" */ = {
			isa = XCRemoteSwiftPackageReference;
			repositoryURL = "https://github.com/onevcat/Kingfisher";
			requirement = {
				kind = upToNextMajorVersion;
				minimumVersion = 7.0.0;
			};
		};
		4086DCB529F093EE00F2FFC5 /* XCRemoteSwiftPackageReference "Mantis" */ = {
			isa = XCRemoteSwiftPackageReference;
			repositoryURL = "https://github.com/guoyingtao/Mantis.git";
			requirement = {
				kind = upToNextMajorVersion;
				minimumVersion = 1.0.0;
			};
		};
		4086DCBA29F0B7A600F2FFC5 /* XCRemoteSwiftPackageReference "firebase-ios-sdk" */ = {
			isa = XCRemoteSwiftPackageReference;
			repositoryURL = "https://github.com/firebase/firebase-ios-sdk";
			requirement = {
				kind = upToNextMajorVersion;
				minimumVersion = 10.0.0;
			};
		};
/* End XCRemoteSwiftPackageReference section */

/* Begin XCSwiftPackageProductDependency section */
		403D6BEB29EF76A6000D9915 /* Kingfisher */ = {
			isa = XCSwiftPackageProductDependency;
			package = 403D6BEA29EF76A6000D9915 /* XCRemoteSwiftPackageReference "Kingfisher" */;
			productName = Kingfisher;
		};
		4086DCB629F093EE00F2FFC5 /* Mantis */ = {
			isa = XCSwiftPackageProductDependency;
			package = 4086DCB529F093EE00F2FFC5 /* XCRemoteSwiftPackageReference "Mantis" */;
			productName = Mantis;
		};
		4086DCBB29F0B7A600F2FFC5 /* FirebaseAuth */ = {
			isa = XCSwiftPackageProductDependency;
			package = 4086DCBA29F0B7A600F2FFC5 /* XCRemoteSwiftPackageReference "firebase-ios-sdk" */;
			productName = FirebaseAuth;
		};
		4086DCBD29F0B7A600F2FFC5 /* FirebaseDatabase */ = {
			isa = XCSwiftPackageProductDependency;
			package = 4086DCBA29F0B7A600F2FFC5 /* XCRemoteSwiftPackageReference "firebase-ios-sdk" */;
			productName = FirebaseDatabase;
		};
		4086DCBF29F0B7A600F2FFC5 /* FirebaseFirestore */ = {
			isa = XCSwiftPackageProductDependency;
			package = 4086DCBA29F0B7A600F2FFC5 /* XCRemoteSwiftPackageReference "firebase-ios-sdk" */;
			productName = FirebaseFirestore;
		};
		4086DCC129F0B7A600F2FFC5 /* FirebaseStorage */ = {
			isa = XCSwiftPackageProductDependency;
			package = 4086DCBA29F0B7A600F2FFC5 /* XCRemoteSwiftPackageReference "firebase-ios-sdk" */;
			productName = FirebaseStorage;
		};
/* End XCSwiftPackageProductDependency section */
	};
	rootObject = 40E60ED029EF629E00CA6EB7 /* Project object */;
}
